
Microsoft Visual Studio Solution File, Format Version 12.00
# Visual Studio Version 17
VisualStudioVersion = 17.1.32319.34
MinimumVisualStudioVersion = 10.0.40219.1
Project("{FAE04EC0-301F-11D3-BF4B-00C04F79EFBC}") = "klasaStringP3", "klasaStringP3.csproj", "{3C1C6F13-3B98-4F67-8957-22B98EAFECC4}"
EndProject
Global
	GlobalSection(SolutionConfigurationPlatforms) = preSolution
		Debug|Any CPU = Debug|Any CPU
		Release|Any CPU = Release|Any CPU
	EndGlobalSection
	GlobalSection(ProjectConfigurationPlatforms) = postSolution
		{3C1C6F13-3B98-4F67-8957-22B98EAFECC4}.Debug|Any CPU.ActiveCfg = Debug|Any CPU
		{3C1C6F13-3B98-4F67-8957-22B98EAFECC4}.Debug|Any CPU.Build.0 = Debug|Any CPU
		{3C1C6F13-3B98-4F67-8957-22B98EAFECC4}.Release|Any CPU.ActiveCfg = Release|Any CPU
		{3C1C6F13-3B98-4F67-8957-22B98EAFECC4}.Release|Any CPU.Build.0 = Release|Any CPU
	EndGlobalSection
	GlobalSection(SolutionProperties) = preSolution
		HideSolutionNode = FALSE
	EndGlobalSection
	GlobalSection(ExtensibilityGlobals) = postSolution
		SolutionGuid = {630E6182-B07A-49E9-9B83-DD460979BE97}
	EndGlobalSection
EndGlobal
